
Microsoft Visual Studio Solution File, Format Version 12.00
# Visual Studio 15
VisualStudioVersion = 15.0.28307.421
MinimumVisualStudioVersion = 10.0.40219.1
Project("{9A19103F-16F7-4668-BE54-9A1E7A4F7556}") = "WebApi", "WebApi\WebApi.csproj", "{EEDB24E7-DF57-4D46-9E06-22102787F34A}"
EndProject
Project("{9A19103F-16F7-4668-BE54-9A1E7A4F7556}") = "Persistance", "Persistance\Persistance.csproj", "{817C7AEE-B563-4AD7-A315-0D47E1CAC90B}"
EndProject
Project("{9A19103F-16F7-4668-BE54-9A1E7A4F7556}") = "Application", "Application\Application.csproj", "{C6AC9AF4-A78B-441D-BC74-75011299EEBD}"
EndProject
Project("{9A19103F-16F7-4668-BE54-9A1E7A4F7556}") = "UnitTest", "UnitTest\UnitTest.csproj", "{9F98FF34-CFE2-4CEB-91E1-8FFEBF00FD23}"
EndProject
Project("{9A19103F-16F7-4668-BE54-9A1E7A4F7556}") = "Domain", "Domain\Domain.csproj", "{1173AE90-3F4A-4E72-8459-A14CF4933E85}"
EndProject
Project("{9A19103F-16F7-4668-BE54-9A1E7A4F7556}") = "Tools", "Tools\Tools.csproj", "{DACEA1C3-F293-4839-894F-3618C72137BE}"
EndProject
Global
	GlobalSection(SolutionConfigurationPlatforms) = preSolution
		Debug|Any CPU = Debug|Any CPU
		Release|Any CPU = Release|Any CPU
	EndGlobalSection
	GlobalSection(ProjectConfigurationPlatforms) = postSolution
		{EEDB24E7-DF57-4D46-9E06-22102787F34A}.Debug|Any CPU.ActiveCfg = Debug|Any CPU
		{EEDB24E7-DF57-4D46-9E06-22102787F34A}.Debug|Any CPU.Build.0 = Debug|Any CPU
		{EEDB24E7-DF57-4D46-9E06-22102787F34A}.Release|Any CPU.ActiveCfg = Release|Any CPU
		{EEDB24E7-DF57-4D46-9E06-22102787F34A}.Release|Any CPU.Build.0 = Release|Any CPU
		{817C7AEE-B563-4AD7-A315-0D47E1CAC90B}.Debug|Any CPU.ActiveCfg = Debug|Any CPU
		{817C7AEE-B563-4AD7-A315-0D47E1CAC90B}.Debug|Any CPU.Build.0 = Debug|Any CPU
		{817C7AEE-B563-4AD7-A315-0D47E1CAC90B}.Release|Any CPU.ActiveCfg = Release|Any CPU
		{817C7AEE-B563-4AD7-A315-0D47E1CAC90B}.Release|Any CPU.Build.0 = Release|Any CPU
		{C6AC9AF4-A78B-441D-BC74-75011299EEBD}.Debug|Any CPU.ActiveCfg = Debug|Any CPU
		{C6AC9AF4-A78B-441D-BC74-75011299EEBD}.Debug|Any CPU.Build.0 = Debug|Any CPU
		{C6AC9AF4-A78B-441D-BC74-75011299EEBD}.Release|Any CPU.ActiveCfg = Release|Any CPU
		{C6AC9AF4-A78B-441D-BC74-75011299EEBD}.Release|Any CPU.Build.0 = Release|Any CPU
		{9F98FF34-CFE2-4CEB-91E1-8FFEBF00FD23}.Debug|Any CPU.ActiveCfg = Debug|Any CPU
		{9F98FF34-CFE2-4CEB-91E1-8FFEBF00FD23}.Debug|Any CPU.Build.0 = Debug|Any CPU
		{9F98FF34-CFE2-4CEB-91E1-8FFEBF00FD23}.Release|Any CPU.ActiveCfg = Release|Any CPU
		{9F98FF34-CFE2-4CEB-91E1-8FFEBF00FD23}.Release|Any CPU.Build.0 = Release|Any CPU
		{1173AE90-3F4A-4E72-8459-A14CF4933E85}.Debug|Any CPU.ActiveCfg = Debug|Any CPU
		{1173AE90-3F4A-4E72-8459-A14CF4933E85}.Debug|Any CPU.Build.0 = Debug|Any CPU
		{1173AE90-3F4A-4E72-8459-A14CF4933E85}.Release|Any CPU.ActiveCfg = Release|Any CPU
		{1173AE90-3F4A-4E72-8459-A14CF4933E85}.Release|Any CPU.Build.0 = Release|Any CPU
		{DACEA1C3-F293-4839-894F-3618C72137BE}.Debug|Any CPU.ActiveCfg = Debug|Any CPU
		{DACEA1C3-F293-4839-894F-3618C72137BE}.Debug|Any CPU.Build.0 = Debug|Any CPU
		{DACEA1C3-F293-4839-894F-3618C72137BE}.Release|Any CPU.ActiveCfg = Release|Any CPU
		{DACEA1C3-F293-4839-894F-3618C72137BE}.Release|Any CPU.Build.0 = Release|Any CPU
	EndGlobalSection
	GlobalSection(SolutionProperties) = preSolution
		HideSolutionNode = FALSE
	EndGlobalSection
	GlobalSection(ExtensibilityGlobals) = postSolution
		SolutionGuid = {B55D66A9-00C1-46BB-B4C2-9F7D184AB6CB}
	EndGlobalSection
EndGlobal
